
Microsoft Visual Studio Solution File, Format Version 12.00
# Visual Studio 15
VisualStudioVersion = 15.0.27130.2010
MinimumVisualStudioVersion = 10.0.40219.1
Project("{FAE04EC0-301F-11D3-BF4B-00C04F79EFBC}") = "Primavera.Logistics.DrillDown", "Primavera.Logistics.DrillDown.csproj", "{244638C0-C728-469C-9F23-129FF25D148B}"
EndProject
Global
	GlobalSection(SolutionConfigurationPlatforms) = preSolution
		Debug|Any CPU = Debug|Any CPU
		Release|Any CPU = Release|Any CPU
	EndGlobalSection
	GlobalSection(ProjectConfigurationPlatforms) = postSolution
		{244638C0-C728-469C-9F23-129FF25D148B}.Debug|Any CPU.ActiveCfg = Debug|Any CPU
		{244638C0-C728-469C-9F23-129FF25D148B}.Debug|Any CPU.Build.0 = Debug|Any CPU
		{244638C0-C728-469C-9F23-129FF25D148B}.Release|Any CPU.ActiveCfg = Release|Any CPU
		{244638C0-C728-469C-9F23-129FF25D148B}.Release|Any CPU.Build.0 = Release|Any CPU
	EndGlobalSection
	GlobalSection(SolutionProperties) = preSolution
		HideSolutionNode = FALSE
	EndGlobalSection
	GlobalSection(ExtensibilityGlobals) = postSolution
		SolutionGuid = {22CB5836-5993-4F96-A723-C0051F24B14E}
	EndGlobalSection
EndGlobal
