
Microsoft Visual Studio Solution File, Format Version 12.00
# Visual Studio Version 17
VisualStudioVersion = 17.11.35312.102
MinimumVisualStudioVersion = 10.0.40219.1
Project("{FAE04EC0-301F-11D3-BF4B-00C04F79EFBC}") = "Cegid.Export2XML.Sample", "Cegid.Export2XML.Sample\Cegid.Export2XML.Sample.csproj", "{CE08308A-686D-4DC9-BFC3-B1BB0A6BDC92}"
EndProject
Global
	GlobalSection(SolutionConfigurationPlatforms) = preSolution
		Debug|Any CPU = Debug|Any CPU
		Release|Any CPU = Release|Any CPU
	EndGlobalSection
	GlobalSection(ProjectConfigurationPlatforms) = postSolution
		{CE08308A-686D-4DC9-BFC3-B1BB0A6BDC92}.Debug|Any CPU.ActiveCfg = Debug|Any CPU
		{CE08308A-686D-4DC9-BFC3-B1BB0A6BDC92}.Debug|Any CPU.Build.0 = Debug|Any CPU
		{CE08308A-686D-4DC9-BFC3-B1BB0A6BDC92}.Release|Any CPU.ActiveCfg = Release|Any CPU
		{CE08308A-686D-4DC9-BFC3-B1BB0A6BDC92}.Release|Any CPU.Build.0 = Release|Any CPU
	EndGlobalSection
	GlobalSection(SolutionProperties) = preSolution
		HideSolutionNode = FALSE
	EndGlobalSection
	GlobalSection(ExtensibilityGlobals) = postSolution
		SolutionGuid = {5BBF48FF-36D4-473A-9EC1-E41CD6E36343}
	EndGlobalSection
	GlobalSection(TeamFoundationVersionControl) = preSolution
		SccNumberOfProjects = 2
		SccEnterpriseProvider = {4CA58AB2-18FA-4F8D-95D4-32DDF27D184C}
		SccTeamFoundationServer = http://tfs.primaverabss.com:8080/tfs/p.tec.erp
		SccLocalPath0 = .
		SccProjectUniqueName1 = Cegid.Export2XML.Sample\\Cegid.Export2XML.Sample.csproj
		SccProjectName1 = Cegid.Export2XML.Sample
		SccLocalPath1 = Cegid.Export2XML.Sample
	EndGlobalSection
EndGlobal
