
Microsoft Visual Studio Solution File, Format Version 12.00
# Visual Studio Version 16
VisualStudioVersion = 16.0.30611.23
MinimumVisualStudioVersion = 10.0.40219.1
Project("{FAE04EC0-301F-11D3-BF4B-00C04F79EFBC}") = "SIFitofarmaceuticos", "SIFitofarmaceuticos\SIFitofarmaceuticos.csproj", "{D7948B0F-1253-4A18-ABDD-48F59F724065}"
EndProject
Global
	GlobalSection(SolutionConfigurationPlatforms) = preSolution
		Debug|Any CPU = Debug|Any CPU
		Release|Any CPU = Release|Any CPU
	EndGlobalSection
	GlobalSection(ProjectConfigurationPlatforms) = postSolution
		{D7948B0F-1253-4A18-ABDD-48F59F724065}.Debug|Any CPU.ActiveCfg = Debug|Any CPU
		{D7948B0F-1253-4A18-ABDD-48F59F724065}.Debug|Any CPU.Build.0 = Debug|Any CPU
		{D7948B0F-1253-4A18-ABDD-48F59F724065}.Release|Any CPU.ActiveCfg = Release|Any CPU
		{D7948B0F-1253-4A18-ABDD-48F59F724065}.Release|Any CPU.Build.0 = Release|Any CPU
	EndGlobalSection
	GlobalSection(SolutionProperties) = preSolution
		HideSolutionNode = FALSE
	EndGlobalSection
	GlobalSection(ExtensibilityGlobals) = postSolution
		SolutionGuid = {B28E83EC-CE2D-4630-9079-40D59F755410}
	EndGlobalSection
EndGlobal
