
Microsoft Visual Studio Solution File, Format Version 12.00
# Visual Studio 15
VisualStudioVersion = 15.0.28307.1340
MinimumVisualStudioVersion = 10.0.40219.1
Project("{FAE04EC0-301F-11D3-BF4B-00C04F79EFBC}") = "Primavera.CIUS.Extensibility", "Primavera.CIUS.Extensibility.csproj", "{4C262C17-194A-4B50-855B-D283C6595A28}"
EndProject
Global
	GlobalSection(SolutionConfigurationPlatforms) = preSolution
		Debug|Any CPU = Debug|Any CPU
		Release|Any CPU = Release|Any CPU
	EndGlobalSection
	GlobalSection(ProjectConfigurationPlatforms) = postSolution
		{4C262C17-194A-4B50-855B-D283C6595A28}.Debug|Any CPU.ActiveCfg = Debug|Any CPU
		{4C262C17-194A-4B50-855B-D283C6595A28}.Debug|Any CPU.Build.0 = Debug|Any CPU
		{4C262C17-194A-4B50-855B-D283C6595A28}.Release|Any CPU.ActiveCfg = Release|Any CPU
		{4C262C17-194A-4B50-855B-D283C6595A28}.Release|Any CPU.Build.0 = Release|Any CPU
	EndGlobalSection
	GlobalSection(SolutionProperties) = preSolution
		HideSolutionNode = FALSE
	EndGlobalSection
	GlobalSection(ExtensibilityGlobals) = postSolution
		SolutionGuid = {C64818F4-34FB-45B7-95F2-BA2D489206FE}
	EndGlobalSection
EndGlobal
